{
  "name": "diploma",
  "version": "0.0.1",
  "lockfileVersion": 2,
  "requires": true,
  "packages": {
    "": {
      "name": "diploma",
      "version": "0.0.1",
      "license": "ISC",
      "dependencies": {
        "jose": "^4.7.0",
        "systeminformation": "^5.11.9"
      }
    },
    "node_modules/jose": {
      "version": "4.7.0",
      "resolved": "https://registry.npmjs.org/jose/-/jose-4.7.0.tgz",
      "integrity": "sha512-DJNm2vlcVW+0Fhl5LVxdhXK5Nw5VYZvL79uiq3ZCRm6vqzTuEVT9T5lIRfzmkGbaaiV+edefGog25TWVyJ4mRQ==",
      "funding": {
        "url": "https://github.com/sponsors/panva"
      }
    },
    "node_modules/systeminformation": {
      "version": "5.11.9",
      "resolved": "https://registry.npmjs.org/systeminformation/-/systeminformation-5.11.9.tgz",
      "integrity": "sha512-eeMtL9UJFR/LYG+2rpeAgZ0Va4ojlNQTkYiQH/xbbPwDjDMsaetj3Pkc+C1aH5G8mav6HvDY8kI4Vl4noksSkA==",
      "os": [
        "darwin",
        "linux",
        "win32",
        "freebsd",
        "openbsd",
        "netbsd",
        "sunos",
        "android"
      ],
      "bin": {
        "systeminformation": "lib/cli.js"
      },
      "engines": {
        "node": ">=8.0.0"
      },
      "funding": {
        "type": "Buy me a coffee",
        "url": "https://www.buymeacoffee.com/systeminfo"
      }
    }
  },
  "dependencies": {
    "jose": {
      "version": "4.7.0",
      "resolved": "https://registry.npmjs.org/jose/-/jose-4.7.0.tgz",
      "integrity": "sha512-DJNm2vlcVW+0Fhl5LVxdhXK5Nw5VYZvL79uiq3ZCRm6vqzTuEVT9T5lIRfzmkGbaaiV+edefGog25TWVyJ4mRQ=="
    },
    "systeminformation": {
      "version": "5.11.9",
      "resolved": "https://registry.npmjs.org/systeminformation/-/systeminformation-5.11.9.tgz",
      "integrity": "sha512-eeMtL9UJFR/LYG+2rpeAgZ0Va4ojlNQTkYiQH/xbbPwDjDMsaetj3Pkc+C1aH5G8mav6HvDY8kI4Vl4noksSkA=="
    }
  }
}
